// !$*UTF8*$!
{
	archiveVersion = 1;
	classes = {
	};
	objectVersion = 46;
	objects = {

/* Begin PBXBuildFile section */
		43F67A96793EE6D54FCB59EC /* Pods_HelloFreshTestTests.framework in Frameworks */ = {isa = PBXBuildFile; fileRef = 9DD29E7AA840A0901B63ACE9 /* Pods_HelloFreshTestTests.framework */; };
		64B5B75ED5EF1FC31B646479 /* Pods_HelloFreshTest.framework in Frameworks */ = {isa = PBXBuildFile; fileRef = 05036BBABF5A6C0570ED9F1B /* Pods_HelloFreshTest.framework */; };
		A52A82381E8713E00051C29C /* HFNSObjectUtil.swift in Sources */ = {isa = PBXBuildFile; fileRef = A52A82371E8713E00051C29C /* HFNSObjectUtil.swift */; };
		A52A823B1E8733780051C29C /* HFHomeBusinessProtocol.swift in Sources */ = {isa = PBXBuildFile; fileRef = A52A823A1E8733770051C29C /* HFHomeBusinessProtocol.swift */; };
		A52A823E1E874A950051C29C /* HFHomeTableViewCell.swift in Sources */ = {isa = PBXBuildFile; fileRef = A52A823D1E874A950051C29C /* HFHomeTableViewCell.swift */; };
		A52A82461E875BFF0051C29C /* APESuperHUD.swift in Sources */ = {isa = PBXBuildFile; fileRef = A52A82411E875BFF0051C29C /* APESuperHUD.swift */; };
		A52A82471E875BFF0051C29C /* HudAppearance.swift in Sources */ = {isa = PBXBuildFile; fileRef = A52A82421E875BFF0051C29C /* HudAppearance.swift */; };
		A52A82481E875BFF0051C29C /* HudUtilities.swift in Sources */ = {isa = PBXBuildFile; fileRef = A52A82431E875BFF0051C29C /* HudUtilities.swift */; };
		A52A82491E875BFF0051C29C /* HudView.swift in Sources */ = {isa = PBXBuildFile; fileRef = A52A82441E875BFF0051C29C /* HudView.swift */; };
		A52A824A1E875BFF0051C29C /* LoadingMessagesHandler.swift in Sources */ = {isa = PBXBuildFile; fileRef = A52A82451E875BFF0051C29C /* LoadingMessagesHandler.swift */; };
		A52A824D1E875C6E0051C29C /* HFHUDLoading.swift in Sources */ = {isa = PBXBuildFile; fileRef = A52A824C1E875C6E0051C29C /* HFHUDLoading.swift */; };
		A52A824F1E8822600051C29C /* UIView+VisualUtil.swift in Sources */ = {isa = PBXBuildFile; fileRef = A52A824E1E8822600051C29C /* UIView+VisualUtil.swift */; };
		A52A82541E8827C10051C29C /* HFHomeTableViewCellProtocol.swift in Sources */ = {isa = PBXBuildFile; fileRef = A52A82531E8827C10051C29C /* HFHomeTableViewCellProtocol.swift */; };
		A52A82561E887A8D0051C29C /* HFRateImage.swift in Sources */ = {isa = PBXBuildFile; fileRef = A52A82551E887A8D0051C29C /* HFRateImage.swift */; };
		A52A82581E8886E00051C29C /* HFDeviceOrientationUtil.swift in Sources */ = {isa = PBXBuildFile; fileRef = A52A82571E8886E00051C29C /* HFDeviceOrientationUtil.swift */; };
		A55AFDDB1E850BCE00CE8F12 /* AppDelegate.swift in Sources */ = {isa = PBXBuildFile; fileRef = A55AFDDA1E850BCE00CE8F12 /* AppDelegate.swift */; };
		A55AFDE51E850BCE00CE8F12 /* LaunchScreen.storyboard in Resources */ = {isa = PBXBuildFile; fileRef = A55AFDE31E850BCE00CE8F12 /* LaunchScreen.storyboard */; };
		A55AFDF01E850BCE00CE8F12 /* HelloFreshTestTests.swift in Sources */ = {isa = PBXBuildFile; fileRef = A55AFDEF1E850BCE00CE8F12 /* HelloFreshTestTests.swift */; };
		A592EBDB1E85173600948DAB /* Assets.xcassets in Resources */ = {isa = PBXBuildFile; fileRef = A592EBD21E85173600948DAB /* Assets.xcassets */; };
		A592EBDC1E85173600948DAB /* Main.storyboard in Resources */ = {isa = PBXBuildFile; fileRef = A592EBD41E85173600948DAB /* Main.storyboard */; };
		A592EBDE1E85185000948DAB /* HFNetworkRequest.swift in Sources */ = {isa = PBXBuildFile; fileRef = A592EBDD1E85185000948DAB /* HFNetworkRequest.swift */; };
		A592EBE01E8518A000948DAB /* HFNetworkRequestError.swift in Sources */ = {isa = PBXBuildFile; fileRef = A592EBDF1E8518A000948DAB /* HFNetworkRequestError.swift */; };
		A592EBE21E851A3500948DAB /* HFNetworkRequestProtocol.swift in Sources */ = {isa = PBXBuildFile; fileRef = A592EBE11E851A3500948DAB /* HFNetworkRequestProtocol.swift */; };
		A592EBE41E851ACA00948DAB /* NSData+HelperExtension.swift in Sources */ = {isa = PBXBuildFile; fileRef = A592EBE31E851ACA00948DAB /* NSData+HelperExtension.swift */; };
		A592EBE71E851FD400948DAB /* HFDataFileReader.swift in Sources */ = {isa = PBXBuildFile; fileRef = A592EBE61E851FD400948DAB /* HFDataFileReader.swift */; };
		A5A99D911E85CB99006429B9 /* HFNetworkRequestConfigProtocol.swift in Sources */ = {isa = PBXBuildFile; fileRef = A5A99D901E85CB99006429B9 /* HFNetworkRequestConfigProtocol.swift */; };
		A5A99D941E85D35A006429B9 /* HFHomeViewController.swift in Sources */ = {isa = PBXBuildFile; fileRef = A5A99D931E85D35A006429B9 /* HFHomeViewController.swift */; };
		A5A99D971E85D437006429B9 /* HFHomeView.swift in Sources */ = {isa = PBXBuildFile; fileRef = A5A99D961E85D437006429B9 /* HFHomeView.swift */; };
		A5A99D9D1E85DACD006429B9 /* HFHomeProvider.swift in Sources */ = {isa = PBXBuildFile; fileRef = A5A99D9C1E85DACD006429B9 /* HFHomeProvider.swift */; };
		A5A99D9F1E85DAD9006429B9 /* HFHomeModel.swift in Sources */ = {isa = PBXBuildFile; fileRef = A5A99D9E1E85DAD9006429B9 /* HFHomeModel.swift */; };
		A5A99DA11E85DAE3006429B9 /* HFHomeManager.swift in Sources */ = {isa = PBXBuildFile; fileRef = A5A99DA01E85DAE3006429B9 /* HFHomeManager.swift */; };
		A5A99DA31E85DAEA006429B9 /* HFHomeBusiness.swift in Sources */ = {isa = PBXBuildFile; fileRef = A5A99DA21E85DAEA006429B9 /* HFHomeBusiness.swift */; };
		A5A99DA51E85DCD3006429B9 /* recipes.json in Resources */ = {isa = PBXBuildFile; fileRef = A5A99DA41E85DCD3006429B9 /* recipes.json */; };
		A5A99DA71E85E343006429B9 /* HFHomeUserModel.swift in Sources */ = {isa = PBXBuildFile; fileRef = A5A99DA61E85E343006429B9 /* HFHomeUserModel.swift */; };
		A5A99DA91E860CD5006429B9 /* HSParseDataError.swift in Sources */ = {isa = PBXBuildFile; fileRef = A5A99DA81E860CD5006429B9 /* HSParseDataError.swift */; };
/* End PBXBuildFile section */

/* Begin PBXContainerItemProxy section */
		A55AFDEC1E850BCE00CE8F12 /* PBXContainerItemProxy */ = {
			isa = PBXContainerItemProxy;
			containerPortal = A55AFDCF1E850BCD00CE8F12 /* Project object */;
			proxyType = 1;
			remoteGlobalIDString = A55AFDD61E850BCD00CE8F12;
			remoteInfo = HelloFreshTest;
		};
/* End PBXContainerItemProxy section */

/* Begin PBXFileReference section */
		05036BBABF5A6C0570ED9F1B /* Pods_HelloFreshTest.framework */ = {isa = PBXFileReference; explicitFileType = wrapper.framework; includeInIndex = 0; path = Pods_HelloFreshTest.framework; sourceTree = BUILT_PRODUCTS_DIR; };
		229423654E6BC556D74C9DE5 /* Pods-HelloFreshTestTests.debug.xcconfig */ = {isa = PBXFileReference; includeInIndex = 1; lastKnownFileType = text.xcconfig; name = "Pods-HelloFreshTestTests.debug.xcconfig"; path = "Pods/Target Support Files/Pods-HelloFreshTestTests/Pods-HelloFreshTestTests.debug.xcconfig"; sourceTree = "<group>"; };
		5DF6B1ED20A54CA49B527FE1 /* Pods-HelloFreshTest.debug.xcconfig */ = {isa = PBXFileReference; includeInIndex = 1; lastKnownFileType = text.xcconfig; name = "Pods-HelloFreshTest.debug.xcconfig"; path = "Pods/Target Support Files/Pods-HelloFreshTest/Pods-HelloFreshTest.debug.xcconfig"; sourceTree = "<group>"; };
		995DF31AC43705D3AE525930 /* Pods-HelloFreshTestTests.release.xcconfig */ = {isa = PBXFileReference; includeInIndex = 1; lastKnownFileType = text.xcconfig; name = "Pods-HelloFreshTestTests.release.xcconfig"; path = "Pods/Target Support Files/Pods-HelloFreshTestTests/Pods-HelloFreshTestTests.release.xcconfig"; sourceTree = "<group>"; };
		9DD29E7AA840A0901B63ACE9 /* Pods_HelloFreshTestTests.framework */ = {isa = PBXFileReference; explicitFileType = wrapper.framework; includeInIndex = 0; path = Pods_HelloFreshTestTests.framework; sourceTree = BUILT_PRODUCTS_DIR; };
		A52A82371E8713E00051C29C /* HFNSObjectUtil.swift */ = {isa = PBXFileReference; fileEncoding = 4; lastKnownFileType = sourcecode.swift; path = HFNSObjectUtil.swift; sourceTree = "<group>"; };
		A52A823A1E8733770051C29C /* HFHomeBusinessProtocol.swift */ = {isa = PBXFileReference; fileEncoding = 4; lastKnownFileType = sourcecode.swift; path = HFHomeBusinessProtocol.swift; sourceTree = "<group>"; };
		A52A823D1E874A950051C29C /* HFHomeTableViewCell.swift */ = {isa = PBXFileReference; fileEncoding = 4; lastKnownFileType = sourcecode.swift; path = HFHomeTableViewCell.swift; sourceTree = "<group>"; };
		A52A82401E875BFF0051C29C /* APESuperHUD.h */ = {isa = PBXFileReference; fileEncoding = 4; lastKnownFileType = sourcecode.c.h; path = APESuperHUD.h; sourceTree = "<group>"; };
		A52A82411E875BFF0051C29C /* APESuperHUD.swift */ = {isa = PBXFileReference; fileEncoding = 4; lastKnownFileType = sourcecode.swift; path = APESuperHUD.swift; sourceTree = "<group>"; };
		A52A82421E875BFF0051C29C /* HudAppearance.swift */ = {isa = PBXFileReference; fileEncoding = 4; lastKnownFileType = sourcecode.swift; path = HudAppearance.swift; sourceTree = "<group>"; };
		A52A82431E875BFF0051C29C /* HudUtilities.swift */ = {isa = PBXFileReference; fileEncoding = 4; lastKnownFileType = sourcecode.swift; path = HudUtilities.swift; sourceTree = "<group>"; };
		A52A82441E875BFF0051C29C /* HudView.swift */ = {isa = PBXFileReference; fileEncoding = 4; lastKnownFileType = sourcecode.swift; path = HudView.swift; sourceTree = "<group>"; };
		A52A82451E875BFF0051C29C /* LoadingMessagesHandler.swift */ = {isa = PBXFileReference; fileEncoding = 4; lastKnownFileType = sourcecode.swift; path = LoadingMessagesHandler.swift; sourceTree = "<group>"; };
		A52A824C1E875C6E0051C29C /* HFHUDLoading.swift */ = {isa = PBXFileReference; fileEncoding = 4; lastKnownFileType = sourcecode.swift; path = HFHUDLoading.swift; sourceTree = "<group>"; };
		A52A824E1E8822600051C29C /* UIView+VisualUtil.swift */ = {isa = PBXFileReference; fileEncoding = 4; lastKnownFileType = sourcecode.swift; path = "UIView+VisualUtil.swift"; sourceTree = "<group>"; };
		A52A82531E8827C10051C29C /* HFHomeTableViewCellProtocol.swift */ = {isa = PBXFileReference; fileEncoding = 4; lastKnownFileType = sourcecode.swift; path = HFHomeTableViewCellProtocol.swift; sourceTree = "<group>"; };
		A52A82551E887A8D0051C29C /* HFRateImage.swift */ = {isa = PBXFileReference; fileEncoding = 4; lastKnownFileType = sourcecode.swift; path = HFRateImage.swift; sourceTree = "<group>"; };
		A52A82571E8886E00051C29C /* HFDeviceOrientationUtil.swift */ = {isa = PBXFileReference; fileEncoding = 4; lastKnownFileType = sourcecode.swift; path = HFDeviceOrientationUtil.swift; sourceTree = "<group>"; };
		A55AFDD71E850BCE00CE8F12 /* HelloFreshTest.app */ = {isa = PBXFileReference; explicitFileType = wrapper.application; includeInIndex = 0; path = HelloFreshTest.app; sourceTree = BUILT_PRODUCTS_DIR; };
		A55AFDDA1E850BCE00CE8F12 /* AppDelegate.swift */ = {isa = PBXFileReference; lastKnownFileType = sourcecode.swift; path = AppDelegate.swift; sourceTree = "<group>"; };
		A55AFDE41E850BCE00CE8F12 /* Base */ = {isa = PBXFileReference; lastKnownFileType = file.storyboard; name = Base; path = Base.lproj/LaunchScreen.storyboard; sourceTree = "<group>"; };
		A55AFDE61E850BCE00CE8F12 /* Info.plist */ = {isa = PBXFileReference; lastKnownFileType = text.plist.xml; path = Info.plist; sourceTree = "<group>"; };
		A55AFDEB1E850BCE00CE8F12 /* HelloFreshTestTests.xctest */ = {isa = PBXFileReference; explicitFileType = wrapper.cfbundle; includeInIndex = 0; path = HelloFreshTestTests.xctest; sourceTree = BUILT_PRODUCTS_DIR; };
		A55AFDEF1E850BCE00CE8F12 /* HelloFreshTestTests.swift */ = {isa = PBXFileReference; lastKnownFileType = sourcecode.swift; path = HelloFreshTestTests.swift; sourceTree = "<group>"; };
		A55AFDF11E850BCE00CE8F12 /* Info.plist */ = {isa = PBXFileReference; lastKnownFileType = text.plist.xml; path = Info.plist; sourceTree = "<group>"; };
		A592EBD21E85173600948DAB /* Assets.xcassets */ = {isa = PBXFileReference; lastKnownFileType = folder.assetcatalog; path = Assets.xcassets; sourceTree = "<group>"; };
		A592EBD41E85173600948DAB /* Main.storyboard */ = {isa = PBXFileReference; fileEncoding = 4; lastKnownFileType = file.storyboard; path = Main.storyboard; sourceTree = "<group>"; };
		A592EBDD1E85185000948DAB /* HFNetworkRequest.swift */ = {isa = PBXFileReference; fileEncoding = 4; lastKnownFileType = sourcecode.swift; path = HFNetworkRequest.swift; sourceTree = "<group>"; };
		A592EBDF1E8518A000948DAB /* HFNetworkRequestError.swift */ = {isa = PBXFileReference; fileEncoding = 4; lastKnownFileType = sourcecode.swift; path = HFNetworkRequestError.swift; sourceTree = "<group>"; };
		A592EBE11E851A3500948DAB /* HFNetworkRequestProtocol.swift */ = {isa = PBXFileReference; fileEncoding = 4; lastKnownFileType = sourcecode.swift; path = HFNetworkRequestProtocol.swift; sourceTree = "<group>"; };
		A592EBE31E851ACA00948DAB /* NSData+HelperExtension.swift */ = {isa = PBXFileReference; fileEncoding = 4; lastKnownFileType = sourcecode.swift; path = "NSData+HelperExtension.swift"; sourceTree = "<group>"; };
		A592EBE61E851FD400948DAB /* HFDataFileReader.swift */ = {isa = PBXFileReference; fileEncoding = 4; lastKnownFileType = sourcecode.swift; path = HFDataFileReader.swift; sourceTree = "<group>"; };
		A5A99D901E85CB99006429B9 /* HFNetworkRequestConfigProtocol.swift */ = {isa = PBXFileReference; fileEncoding = 4; lastKnownFileType = sourcecode.swift; path = HFNetworkRequestConfigProtocol.swift; sourceTree = "<group>"; };
		A5A99D931E85D35A006429B9 /* HFHomeViewController.swift */ = {isa = PBXFileReference; fileEncoding = 4; lastKnownFileType = sourcecode.swift; path = HFHomeViewController.swift; sourceTree = "<group>"; };
		A5A99D961E85D437006429B9 /* HFHomeView.swift */ = {isa = PBXFileReference; fileEncoding = 4; lastKnownFileType = sourcecode.swift; path = HFHomeView.swift; sourceTree = "<group>"; };
		A5A99D9C1E85DACD006429B9 /* HFHomeProvider.swift */ = {isa = PBXFileReference; fileEncoding = 4; lastKnownFileType = sourcecode.swift; path = HFHomeProvider.swift; sourceTree = "<group>"; };
		A5A99D9E1E85DAD9006429B9 /* HFHomeModel.swift */ = {isa = PBXFileReference; fileEncoding = 4; lastKnownFileType = sourcecode.swift; path = HFHomeModel.swift; sourceTree = "<group>"; };
		A5A99DA01E85DAE3006429B9 /* HFHomeManager.swift */ = {isa = PBXFileReference; fileEncoding = 4; lastKnownFileType = sourcecode.swift; path = HFHomeManager.swift; sourceTree = "<group>"; };
		A5A99DA21E85DAEA006429B9 /* HFHomeBusiness.swift */ = {isa = PBXFileReference; fileEncoding = 4; lastKnownFileType = sourcecode.swift; path = HFHomeBusiness.swift; sourceTree = "<group>"; };
		A5A99DA41E85DCD3006429B9 /* recipes.json */ = {isa = PBXFileReference; fileEncoding = 4; lastKnownFileType = text.json; path = recipes.json; sourceTree = "<group>"; };
		A5A99DA61E85E343006429B9 /* HFHomeUserModel.swift */ = {isa = PBXFileReference; fileEncoding = 4; lastKnownFileType = sourcecode.swift; path = HFHomeUserModel.swift; sourceTree = "<group>"; };
		A5A99DA81E860CD5006429B9 /* HSParseDataError.swift */ = {isa = PBXFileReference; fileEncoding = 4; lastKnownFileType = sourcecode.swift; path = HSParseDataError.swift; sourceTree = "<group>"; };
		EDB8D0774DB7EB2704F123C6 /* Pods-HelloFreshTest.release.xcconfig */ = {isa = PBXFileReference; includeInIndex = 1; lastKnownFileType = text.xcconfig; name = "Pods-HelloFreshTest.release.xcconfig"; path = "Pods/Target Support Files/Pods-HelloFreshTest/Pods-HelloFreshTest.release.xcconfig"; sourceTree = "<group>"; };
/* End PBXFileReference section */

/* Begin PBXFrameworksBuildPhase section */
		A55AFDD41E850BCD00CE8F12 /* Frameworks */ = {
			isa = PBXFrameworksBuildPhase;
			buildActionMask = 2147483647;
			files = (
				64B5B75ED5EF1FC31B646479 /* Pods_HelloFreshTest.framework in Frameworks */,
			);
			runOnlyForDeploymentPostprocessing = 0;
		};
		A55AFDE81E850BCE00CE8F12 /* Frameworks */ = {
			isa = PBXFrameworksBuildPhase;
			buildActionMask = 2147483647;
			files = (
				43F67A96793EE6D54FCB59EC /* Pods_HelloFreshTestTests.framework in Frameworks */,
			);
			runOnlyForDeploymentPostprocessing = 0;
		};
/* End PBXFrameworksBuildPhase section */

/* Begin PBXGroup section */
		58E284786267E9F4154EE184 /* Frameworks */ = {
			isa = PBXGroup;
			children = (
				05036BBABF5A6C0570ED9F1B /* Pods_HelloFreshTest.framework */,
				9DD29E7AA840A0901B63ACE9 /* Pods_HelloFreshTestTests.framework */,
			);
			name = Frameworks;
			sourceTree = "<group>";
		};
		68D31987ACDAE8DBE5D78A4A /* Pods */ = {
			isa = PBXGroup;
			children = (
				5DF6B1ED20A54CA49B527FE1 /* Pods-HelloFreshTest.debug.xcconfig */,
				EDB8D0774DB7EB2704F123C6 /* Pods-HelloFreshTest.release.xcconfig */,
				229423654E6BC556D74C9DE5 /* Pods-HelloFreshTestTests.debug.xcconfig */,
				995DF31AC43705D3AE525930 /* Pods-HelloFreshTestTests.release.xcconfig */,
			);
			name = Pods;
			sourceTree = "<group>";
		};
		A52A82391E8733670051C29C /* Protocol */ = {
			isa = PBXGroup;
			children = (
				A52A823A1E8733770051C29C /* HFHomeBusinessProtocol.swift */,
			);
			path = Protocol;
			sourceTree = "<group>";
		};
		A52A823C1E874A890051C29C /* Cell */ = {
			isa = PBXGroup;
			children = (
				A52A82521E8827C10051C29C /* Protocol */,
				A52A823D1E874A950051C29C /* HFHomeTableViewCell.swift */,
			);
			path = Cell;
			sourceTree = "<group>";
		};
		A52A823F1E875BFF0051C29C /* HUDLibrary */ = {
			isa = PBXGroup;
			children = (
				A52A82401E875BFF0051C29C /* APESuperHUD.h */,
				A52A82411E875BFF0051C29C /* APESuperHUD.swift */,
				A52A82421E875BFF0051C29C /* HudAppearance.swift */,
				A52A82431E875BFF0051C29C /* HudUtilities.swift */,
				A52A82441E875BFF0051C29C /* HudView.swift */,
				A52A82451E875BFF0051C29C /* LoadingMessagesHandler.swift */,
			);
			path = HUDLibrary;
			sourceTree = "<group>";
		};
		A52A824B1E875C500051C29C /* UIComponents */ = {
			isa = PBXGroup;
			children = (
				A52A824C1E875C6E0051C29C /* HFHUDLoading.swift */,
				A52A82551E887A8D0051C29C /* HFRateImage.swift */,
			);
			path = UIComponents;
			sourceTree = "<group>";
		};
		A52A82521E8827C10051C29C /* Protocol */ = {
			isa = PBXGroup;
			children = (
				A52A82531E8827C10051C29C /* HFHomeTableViewCellProtocol.swift */,
			);
			path = Protocol;
			sourceTree = "<group>";
		};
		A55AFDCE1E850BCD00CE8F12 = {
			isa = PBXGroup;
			children = (
				A55AFDD91E850BCE00CE8F12 /* HelloFreshTest */,
				A55AFDEE1E850BCE00CE8F12 /* HelloFreshTestTests */,
				A55AFDD81E850BCE00CE8F12 /* Products */,
				68D31987ACDAE8DBE5D78A4A /* Pods */,
				58E284786267E9F4154EE184 /* Frameworks */,
			);
			sourceTree = "<group>";
		};
		A55AFDD81E850BCE00CE8F12 /* Products */ = {
			isa = PBXGroup;
			children = (
				A55AFDD71E850BCE00CE8F12 /* HelloFreshTest.app */,
				A55AFDEB1E850BCE00CE8F12 /* HelloFreshTestTests.xctest */,
			);
			name = Products;
			sourceTree = "<group>";
		};
		A55AFDD91E850BCE00CE8F12 /* HelloFreshTest */ = {
			isa = PBXGroup;
			children = (
				A592EBCC1E85173600948DAB /* Infraestructure */,
				A592EBCB1E85173600948DAB /* Business */,
				A592EBD61E85173600948DAB /* Manager */,
				A592EBD71E85173600948DAB /* Model */,
				A592EBD81E85173600948DAB /* Provider */,
				A592EBD91E85173600948DAB /* View */,
				A592EBDA1E85173600948DAB /* ViewController */,
				A55AFDDA1E850BCE00CE8F12 /* AppDelegate.swift */,
				A55AFDE31E850BCE00CE8F12 /* LaunchScreen.storyboard */,
				A55AFDE61E850BCE00CE8F12 /* Info.plist */,
			);
			path = HelloFreshTest;
			sourceTree = "<group>";
		};
		A55AFDEE1E850BCE00CE8F12 /* HelloFreshTestTests */ = {
			isa = PBXGroup;
			children = (
				A55AFDEF1E850BCE00CE8F12 /* HelloFreshTestTests.swift */,
				A55AFDF11E850BCE00CE8F12 /* Info.plist */,
			);
			path = HelloFreshTestTests;
			sourceTree = "<group>";
		};
		A592EBCB1E85173600948DAB /* Business */ = {
			isa = PBXGroup;
			children = (
				A5A99D981E85DA67006429B9 /* HomeBusiness */,
			);
			path = Business;
			sourceTree = "<group>";
		};
		A592EBCC1E85173600948DAB /* Infraestructure */ = {
			isa = PBXGroup;
			children = (
				A52A824B1E875C500051C29C /* UIComponents */,
				A592EBE51E851FA700948DAB /* Util */,
				A592EBCD1E85173600948DAB /* ErrorHandle */,
				A592EBCE1E85173600948DAB /* Extension */,
				A592EBCF1E85173600948DAB /* Network */,
				A592EBD01E85173600948DAB /* Resource */,
				A592EBD51E85173600948DAB /* Vendor */,
			);
			path = Infraestructure;
			sourceTree = "<group>";
		};
		A592EBCD1E85173600948DAB /* ErrorHandle */ = {
			isa = PBXGroup;
			children = (
				A592EBDF1E8518A000948DAB /* HFNetworkRequestError.swift */,
				A5A99DA81E860CD5006429B9 /* HSParseDataError.swift */,
			);
			path = ErrorHandle;
			sourceTree = "<group>";
		};
		A592EBCE1E85173600948DAB /* Extension */ = {
			isa = PBXGroup;
			children = (
				A592EBE31E851ACA00948DAB /* NSData+HelperExtension.swift */,
				A52A824E1E8822600051C29C /* UIView+VisualUtil.swift */,
			);
			path = Extension;
			sourceTree = "<group>";
		};
		A592EBCF1E85173600948DAB /* Network */ = {
			isa = PBXGroup;
			children = (
				A592EBDD1E85185000948DAB /* HFNetworkRequest.swift */,
				A5A99D901E85CB99006429B9 /* HFNetworkRequestConfigProtocol.swift */,
				A592EBE11E851A3500948DAB /* HFNetworkRequestProtocol.swift */,
			);
			path = Network;
			sourceTree = "<group>";
		};
		A592EBD01E85173600948DAB /* Resource */ = {
			isa = PBXGroup;
			children = (
				A5A99DA41E85DCD3006429B9 /* recipes.json */,
				A592EBD11E85173600948DAB /* Images */,
				A592EBD31E85173600948DAB /* Storyboard */,
			);
			path = Resource;
			sourceTree = "<group>";
		};
		A592EBD11E85173600948DAB /* Images */ = {
			isa = PBXGroup;
			children = (
				A592EBD21E85173600948DAB /* Assets.xcassets */,
			);
			path = Images;
			sourceTree = "<group>";
		};
		A592EBD31E85173600948DAB /* Storyboard */ = {
			isa = PBXGroup;
			children = (
				A592EBD41E85173600948DAB /* Main.storyboard */,
			);
			path = Storyboard;
			sourceTree = "<group>";
		};
		A592EBD51E85173600948DAB /* Vendor */ = {
			isa = PBXGroup;
			children = (
				A52A823F1E875BFF0051C29C /* HUDLibrary */,
			);
			path = Vendor;
			sourceTree = "<group>";
		};
		A592EBD61E85173600948DAB /* Manager */ = {
			isa = PBXGroup;
			children = (
				A5A99D991E85DA6C006429B9 /* HomeManager */,
			);
			path = Manager;
			sourceTree = "<group>";
		};
		A592EBD71E85173600948DAB /* Model */ = {
			isa = PBXGroup;
			children = (
				A5A99D9A1E85DA72006429B9 /* HomeModel */,
			);
			path = Model;
			sourceTree = "<group>";
		};
		A592EBD81E85173600948DAB /* Provider */ = {
			isa = PBXGroup;
			children = (
				A5A99D9B1E85DA77006429B9 /* HomeProvider */,
			);
			path = Provider;
			sourceTree = "<group>";
		};
		A592EBD91E85173600948DAB /* View */ = {
			isa = PBXGroup;
			children = (
				A5A99D951E85D36D006429B9 /* HomeView */,
			);
			path = View;
			sourceTree = "<group>";
		};
		A592EBDA1E85173600948DAB /* ViewController */ = {
			isa = PBXGroup;
			children = (
				A5A99D921E85D35A006429B9 /* HomeViewController */,
			);
			path = ViewController;
			sourceTree = "<group>";
		};
		A592EBE51E851FA700948DAB /* Util */ = {
			isa = PBXGroup;
			children = (
				A592EBE61E851FD400948DAB /* HFDataFileReader.swift */,
				A52A82371E8713E00051C29C /* HFNSObjectUtil.swift */,
				A52A82571E8886E00051C29C /* HFDeviceOrientationUtil.swift */,
			);
			path = Util;
			sourceTree = "<group>";
		};
		A5A99D921E85D35A006429B9 /* HomeViewController */ = {
			isa = PBXGroup;
			children = (
				A5A99D931E85D35A006429B9 /* HFHomeViewController.swift */,
			);
			path = HomeViewController;
			sourceTree = "<group>";
		};
		A5A99D951E85D36D006429B9 /* HomeView */ = {
			isa = PBXGroup;
			children = (
				A52A823C1E874A890051C29C /* Cell */,
				A5A99D961E85D437006429B9 /* HFHomeView.swift */,
			);
			path = HomeView;
			sourceTree = "<group>";
		};
		A5A99D981E85DA67006429B9 /* HomeBusiness */ = {
			isa = PBXGroup;
			children = (
				A52A82391E8733670051C29C /* Protocol */,
				A5A99DA21E85DAEA006429B9 /* HFHomeBusiness.swift */,
			);
			path = HomeBusiness;
			sourceTree = "<group>";
		};
		A5A99D991E85DA6C006429B9 /* HomeManager */ = {
			isa = PBXGroup;
			children = (
				A5A99DA01E85DAE3006429B9 /* HFHomeManager.swift */,
			);
			path = HomeManager;
			sourceTree = "<group>";
		};
		A5A99D9A1E85DA72006429B9 /* HomeModel */ = {
			isa = PBXGroup;
			children = (
				A5A99D9E1E85DAD9006429B9 /* HFHomeModel.swift */,
				A5A99DA61E85E343006429B9 /* HFHomeUserModel.swift */,
			);
			path = HomeModel;
			sourceTree = "<group>";
		};
		A5A99D9B1E85DA77006429B9 /* HomeProvider */ = {
			isa = PBXGroup;
			children = (
				A5A99D9C1E85DACD006429B9 /* HFHomeProvider.swift */,
			);
			path = HomeProvider;
			sourceTree = "<group>";
		};
/* End PBXGroup section */

/* Begin PBXNativeTarget section */
		A55AFDD61E850BCD00CE8F12 /* HelloFreshTest */ = {
			isa = PBXNativeTarget;
			buildConfigurationList = A55AFDF41E850BCE00CE8F12 /* Build configuration list for PBXNativeTarget "HelloFreshTest" */;
			buildPhases = (
				48C51F61160CF81E4CE79E82 /* [CP] Check Pods Manifest.lock */,
				A55AFDD31E850BCD00CE8F12 /* Sources */,
				A55AFDD41E850BCD00CE8F12 /* Frameworks */,
				A55AFDD51E850BCD00CE8F12 /* Resources */,
				01B87D1A3BFE7294EFB3EBA3 /* [CP] Embed Pods Frameworks */,
				24EF331D32E2C1834F95D357 /* [CP] Copy Pods Resources */,
			);
			buildRules = (
			);
			dependencies = (
			);
			name = HelloFreshTest;
			productName = HelloFreshTest;
			productReference = A55AFDD71E850BCE00CE8F12 /* HelloFreshTest.app */;
			productType = "com.apple.product-type.application";
		};
		A55AFDEA1E850BCE00CE8F12 /* HelloFreshTestTests */ = {
			isa = PBXNativeTarget;
			buildConfigurationList = A55AFDF71E850BCE00CE8F12 /* Build configuration list for PBXNativeTarget "HelloFreshTestTests" */;
			buildPhases = (
				FAC4CCC7B0A0380B1CAE0845 /* [CP] Check Pods Manifest.lock */,
				A55AFDE71E850BCE00CE8F12 /* Sources */,
				A55AFDE81E850BCE00CE8F12 /* Frameworks */,
				A55AFDE91E850BCE00CE8F12 /* Resources */,
				08D7024B9C8B96C9E6B97F19 /* [CP] Embed Pods Frameworks */,
				C007C510A324B53BA545421C /* [CP] Copy Pods Resources */,
			);
			buildRules = (
			);
			dependencies = (
				A55AFDED1E850BCE00CE8F12 /* PBXTargetDependency */,
			);
			name = HelloFreshTestTests;
			productName = HelloFreshTestTests;
			productReference = A55AFDEB1E850BCE00CE8F12 /* HelloFreshTestTests.xctest */;
			productType = "com.apple.product-type.bundle.unit-test";
		};
/* End PBXNativeTarget section */

/* Begin PBXProject section */
		A55AFDCF1E850BCD00CE8F12 /* Project object */ = {
			isa = PBXProject;
			attributes = {
				LastSwiftUpdateCheck = 0820;
				LastUpgradeCheck = 0820;
				ORGANIZATIONNAME = "Felipe Florencio Garcia";
				TargetAttributes = {
					A55AFDD61E850BCD00CE8F12 = {
						CreatedOnToolsVersion = 8.2.1;
						DevelopmentTeam = 9RVZM5B68T;
						ProvisioningStyle = Automatic;
					};
					A55AFDEA1E850BCE00CE8F12 = {
						CreatedOnToolsVersion = 8.2.1;
						DevelopmentTeam = 9RVZM5B68T;
						ProvisioningStyle = Automatic;
						TestTargetID = A55AFDD61E850BCD00CE8F12;
					};
				};
			};
			buildConfigurationList = A55AFDD21E850BCD00CE8F12 /* Build configuration list for PBXProject "HelloFreshTest" */;
			compatibilityVersion = "Xcode 3.2";
			developmentRegion = English;
			hasScannedForEncodings = 0;
			knownRegions = (
				en,
				Base,
			);
			mainGroup = A55AFDCE1E850BCD00CE8F12;
			productRefGroup = A55AFDD81E850BCE00CE8F12 /* Products */;
			projectDirPath = "";
			projectRoot = "";
			targets = (
				A55AFDD61E850BCD00CE8F12 /* HelloFreshTest */,
				A55AFDEA1E850BCE00CE8F12 /* HelloFreshTestTests */,
			);
		};
/* End PBXProject section */

/* Begin PBXResourcesBuildPhase section */
		A55AFDD51E850BCD00CE8F12 /* Resources */ = {
			isa = PBXResourcesBuildPhase;
			buildActionMask = 2147483647;
			files = (
				A55AFDE51E850BCE00CE8F12 /* LaunchScreen.storyboard in Resources */,
				A592EBDC1E85173600948DAB /* Main.storyboard in Resources */,
				A592EBDB1E85173600948DAB /* Assets.xcassets in Resources */,
				A5A99DA51E85DCD3006429B9 /* recipes.json in Resources */,
			);
			runOnlyForDeploymentPostprocessing = 0;
		};
		A55AFDE91E850BCE00CE8F12 /* Resources */ = {
			isa = PBXResourcesBuildPhase;
			buildActionMask = 2147483647;
			files = (
			);
			runOnlyForDeploymentPostprocessing = 0;
		};
/* End PBXResourcesBuildPhase section */

/* Begin PBXShellScriptBuildPhase section */
		01B87D1A3BFE7294EFB3EBA3 /* [CP] Embed Pods Frameworks */ = {
			isa = PBXShellScriptBuildPhase;
			buildActionMask = 2147483647;
			files = (
			);
			inputPaths = (
			);
			name = "[CP] Embed Pods Frameworks";
			outputPaths = (
			);
			runOnlyForDeploymentPostprocessing = 0;
			shellPath = /bin/sh;
			shellScript = "\"${SRCROOT}/Pods/Target Support Files/Pods-HelloFreshTest/Pods-HelloFreshTest-frameworks.sh\"\n";
			showEnvVarsInLog = 0;
		};
		08D7024B9C8B96C9E6B97F19 /* [CP] Embed Pods Frameworks */ = {
			isa = PBXShellScriptBuildPhase;
			buildActionMask = 2147483647;
			files = (
			);
			inputPaths = (
			);
			name = "[CP] Embed Pods Frameworks";
			outputPaths = (
			);
			runOnlyForDeploymentPostprocessing = 0;
			shellPath = /bin/sh;
			shellScript = "\"${SRCROOT}/Pods/Target Support Files/Pods-HelloFreshTestTests/Pods-HelloFreshTestTests-frameworks.sh\"\n";
			showEnvVarsInLog = 0;
		};
		24EF331D32E2C1834F95D357 /* [CP] Copy Pods Resources */ = {
			isa = PBXShellScriptBuildPhase;
			buildActionMask = 2147483647;
			files = (
			);
			inputPaths = (
			);
			name = "[CP] Copy Pods Resources";
			outputPaths = (
			);
			runOnlyForDeploymentPostprocessing = 0;
			shellPath = /bin/sh;
			shellScript = "\"${SRCROOT}/Pods/Target Support Files/Pods-HelloFreshTest/Pods-HelloFreshTest-resources.sh\"\n";
			showEnvVarsInLog = 0;
		};
		48C51F61160CF81E4CE79E82 /* [CP] Check Pods Manifest.lock */ = {
			isa = PBXShellScriptBuildPhase;
			buildActionMask = 2147483647;
			files = (
			);
			inputPaths = (
			);
			name = "[CP] Check Pods Manifest.lock";
			outputPaths = (
			);
			runOnlyForDeploymentPostprocessing = 0;
			shellPath = /bin/sh;
			shellScript = "diff \"${PODS_ROOT}/../Podfile.lock\" \"${PODS_ROOT}/Manifest.lock\" > /dev/null\nif [ $? != 0 ] ; then\n    # print error to STDERR\n    echo \"error: The sandbox is not in sync with the Podfile.lock. Run 'pod install' or update your CocoaPods installation.\" >&2\n    exit 1\nfi\n";
			showEnvVarsInLog = 0;
		};
		C007C510A324B53BA545421C /* [CP] Copy Pods Resources */ = {
			isa = PBXShellScriptBuildPhase;
			buildActionMask = 2147483647;
			files = (
			);
			inputPaths = (
			);
			name = "[CP] Copy Pods Resources";
			outputPaths = (
			);
			runOnlyForDeploymentPostprocessing = 0;
			shellPath = /bin/sh;
			shellScript = "\"${SRCROOT}/Pods/Target Support Files/Pods-HelloFreshTestTests/Pods-HelloFreshTestTests-resources.sh\"\n";
			showEnvVarsInLog = 0;
		};
		FAC4CCC7B0A0380B1CAE0845 /* [CP] Check Pods Manifest.lock */ = {
			isa = PBXShellScriptBuildPhase;
			buildActionMask = 2147483647;
			files = (
			);
			inputPaths = (
			);
			name = "[CP] Check Pods Manifest.lock";
			outputPaths = (
			);
			runOnlyForDeploymentPostprocessing = 0;
			shellPath = /bin/sh;
			shellScript = "diff \"${PODS_ROOT}/../Podfile.lock\" \"${PODS_ROOT}/Manifest.lock\" > /dev/null\nif [ $? != 0 ] ; then\n    # print error to STDERR\n    echo \"error: The sandbox is not in sync with the Podfile.lock. Run 'pod install' or update your CocoaPods installation.\" >&2\n    exit 1\nfi\n";
			showEnvVarsInLog = 0;
		};
/* End PBXShellScriptBuildPhase section */

/* Begin PBXSourcesBuildPhase section */
		A55AFDD31E850BCD00CE8F12 /* Sources */ = {
			isa = PBXSourcesBuildPhase;
			buildActionMask = 2147483647;
			files = (
				A5A99DA11E85DAE3006429B9 /* HFHomeManager.swift in Sources */,
				A52A82541E8827C10051C29C /* HFHomeTableViewCellProtocol.swift in Sources */,
				A52A82461E875BFF0051C29C /* APESuperHUD.swift in Sources */,
				A52A824D1E875C6E0051C29C /* HFHUDLoading.swift in Sources */,
				A52A823B1E8733780051C29C /* HFHomeBusinessProtocol.swift in Sources */,
				A52A824F1E8822600051C29C /* UIView+VisualUtil.swift in Sources */,
				A5A99DA71E85E343006429B9 /* HFHomeUserModel.swift in Sources */,
				A5A99DA91E860CD5006429B9 /* HSParseDataError.swift in Sources */,
				A52A82381E8713E00051C29C /* HFNSObjectUtil.swift in Sources */,
				A5A99D9F1E85DAD9006429B9 /* HFHomeModel.swift in Sources */,
				A52A82471E875BFF0051C29C /* HudAppearance.swift in Sources */,
				A5A99D911E85CB99006429B9 /* HFNetworkRequestConfigProtocol.swift in Sources */,
				A592EBE01E8518A000948DAB /* HFNetworkRequestError.swift in Sources */,
				A592EBE71E851FD400948DAB /* HFDataFileReader.swift in Sources */,
				A5A99D941E85D35A006429B9 /* HFHomeViewController.swift in Sources */,
				A52A82481E875BFF0051C29C /* HudUtilities.swift in Sources */,
				A52A82581E8886E00051C29C /* HFDeviceOrientationUtil.swift in Sources */,
				A52A823E1E874A950051C29C /* HFHomeTableViewCell.swift in Sources */,
				A592EBE41E851ACA00948DAB /* NSData+HelperExtension.swift in Sources */,
				A5A99D9D1E85DACD006429B9 /* HFHomeProvider.swift in Sources */,
				A5A99DA31E85DAEA006429B9 /* HFHomeBusiness.swift in Sources */,
				A592EBE21E851A3500948DAB /* HFNetworkRequestProtocol.swift in Sources */,
				A52A82491E875BFF0051C29C /* HudView.swift in Sources */,
				A5A99D971E85D437006429B9 /* HFHomeView.swift in Sources */,
				A52A824A1E875BFF0051C29C /* LoadingMessagesHandler.swift in Sources */,
				A592EBDE1E85185000948DAB /* HFNetworkRequest.swift in Sources */,
				A55AFDDB1E850BCE00CE8F12 /* AppDelegate.swift in Sources */,
				A52A82561E887A8D0051C29C /* HFRateImage.swift in Sources */,
			);
			runOnlyForDeploymentPostprocessing = 0;
		};
		A55AFDE71E850BCE00CE8F12 /* Sources */ = {
			isa = PBXSourcesBuildPhase;
			buildActionMask = 2147483647;
			files = (
				A55AFDF01E850BCE00CE8F12 /* HelloFreshTestTests.swift in Sources */,
			);
			runOnlyForDeploymentPostprocessing = 0;
		};
/* End PBXSourcesBuildPhase section */

/* Begin PBXTargetDependency section */
		A55AFDED1E850BCE00CE8F12 /* PBXTargetDependency */ = {
			isa = PBXTargetDependency;
			target = A55AFDD61E850BCD00CE8F12 /* HelloFreshTest */;
			targetProxy = A55AFDEC1E850BCE00CE8F12 /* PBXContainerItemProxy */;
		};
/* End PBXTargetDependency section */

/* Begin PBXVariantGroup section */
		A55AFDE31E850BCE00CE8F12 /* LaunchScreen.storyboard */ = {
			isa = PBXVariantGroup;
			children = (
				A55AFDE41E850BCE00CE8F12 /* Base */,
			);
			name = LaunchScreen.storyboard;
			sourceTree = "<group>";
		};
/* End PBXVariantGroup section */

/* Begin XCBuildConfiguration section */
		A55AFDF21E850BCE00CE8F12 /* Debug */ = {
			isa = XCBuildConfiguration;
			buildSettings = {
				ALWAYS_SEARCH_USER_PATHS = NO;
				CLANG_ANALYZER_NONNULL = YES;
				CLANG_CXX_LANGUAGE_STANDARD = "gnu++0x";
				CLANG_CXX_LIBRARY = "libc++";
				CLANG_ENABLE_MODULES = YES;
				CLANG_ENABLE_OBJC_ARC = YES;
				CLANG_WARN_BOOL_CONVERSION = YES;
				CLANG_WARN_CONSTANT_CONVERSION = YES;
				CLANG_WARN_DIRECT_OBJC_ISA_USAGE = YES_ERROR;
				CLANG_WARN_DOCUMENTATION_COMMENTS = YES;
				CLANG_WARN_EMPTY_BODY = YES;
				CLANG_WARN_ENUM_CONVERSION = YES;
				CLANG_WARN_INFINITE_RECURSION = YES;
				CLANG_WARN_INT_CONVERSION = YES;
				CLANG_WARN_OBJC_ROOT_CLASS = YES_ERROR;
				CLANG_WARN_SUSPICIOUS_MOVE = YES;
				CLANG_WARN_UNREACHABLE_CODE = YES;
				CLANG_WARN__DUPLICATE_METHOD_MATCH = YES;
				"CODE_SIGN_IDENTITY[sdk=iphoneos*]" = "iPhone Developer";
				COPY_PHASE_STRIP = NO;
				DEBUG_INFORMATION_FORMAT = dwarf;
				ENABLE_STRICT_OBJC_MSGSEND = YES;
				ENABLE_TESTABILITY = YES;
				GCC_C_LANGUAGE_STANDARD = gnu99;
				GCC_DYNAMIC_NO_PIC = NO;
				GCC_NO_COMMON_BLOCKS = YES;
				GCC_OPTIMIZATION_LEVEL = 0;
				GCC_PREPROCESSOR_DEFINITIONS = (
					"DEBUG=1",
					"$(inherited)",
				);
				GCC_WARN_64_TO_32_BIT_CONVERSION = YES;
				GCC_WARN_ABOUT_RETURN_TYPE = YES_ERROR;
				GCC_WARN_UNDECLARED_SELECTOR = YES;
				GCC_WARN_UNINITIALIZED_AUTOS = YES_AGGRESSIVE;
				GCC_WARN_UNUSED_FUNCTION = YES;
				GCC_WARN_UNUSED_VARIABLE = YES;
				IPHONEOS_DEPLOYMENT_TARGET = 10.2;
				MTL_ENABLE_DEBUG_INFO = YES;
				ONLY_ACTIVE_ARCH = YES;
				SDKROOT = iphoneos;
				SWIFT_ACTIVE_COMPILATION_CONDITIONS = DEBUG;
				SWIFT_OPTIMIZATION_LEVEL = "-Onone";
				TARGETED_DEVICE_FAMILY = "1,2";
			};
			name = Debug;
		};
		A55AFDF31E850BCE00CE8F12 /* Release */ = {
			isa = XCBuildConfiguration;
			buildSettings = {
				ALWAYS_SEARCH_USER_PATHS = NO;
				CLANG_ANALYZER_NONNULL = YES;
				CLANG_CXX_LANGUAGE_STANDARD = "gnu++0x";
				CLANG_CXX_LIBRARY = "libc++";
				CLANG_ENABLE_MODULES = YES;
				CLANG_ENABLE_OBJC_ARC = YES;
				CLANG_WARN_BOOL_CONVERSION = YES;
				CLANG_WARN_CONSTANT_CONVERSION = YES;
				CLANG_WARN_DIRECT_OBJC_ISA_USAGE = YES_ERROR;
				CLANG_WARN_DOCUMENTATION_COMMENTS = YES;
				CLANG_WARN_EMPTY_BODY = YES;
				CLANG_WARN_ENUM_CONVERSION = YES;
				CLANG_WARN_INFINITE_RECURSION = YES;
				CLANG_WARN_INT_CONVERSION = YES;
				CLANG_WARN_OBJC_ROOT_CLASS = YES_ERROR;
				CLANG_WARN_SUSPICIOUS_MOVE = YES;
				CLANG_WARN_UNREACHABLE_CODE = YES;
				CLANG_WARN__DUPLICATE_METHOD_MATCH = YES;
				"CODE_SIGN_IDENTITY[sdk=iphoneos*]" = "iPhone Developer";
				COPY_PHASE_STRIP = NO;
				DEBUG_INFORMATION_FORMAT = "dwarf-with-dsym";
				ENABLE_NS_ASSERTIONS = NO;
				ENABLE_STRICT_OBJC_MSGSEND = YES;
				GCC_C_LANGUAGE_STANDARD = gnu99;
				GCC_NO_COMMON_BLOCKS = YES;
				GCC_WARN_64_TO_32_BIT_CONVERSION = YES;
				GCC_WARN_ABOUT_RETURN_TYPE = YES_ERROR;
				GCC_WARN_UNDECLARED_SELECTOR = YES;
				GCC_WARN_UNINITIALIZED_AUTOS = YES_AGGRESSIVE;
				GCC_WARN_UNUSED_FUNCTION = YES;
				GCC_WARN_UNUSED_VARIABLE = YES;
				IPHONEOS_DEPLOYMENT_TARGET = 10.2;
				MTL_ENABLE_DEBUG_INFO = NO;
				SDKROOT = iphoneos;
				SWIFT_OPTIMIZATION_LEVEL = "-Owholemodule";
				TARGETED_DEVICE_FAMILY = "1,2";
				VALIDATE_PRODUCT = YES;
			};
			name = Release;
		};
		A55AFDF51E850BCE00CE8F12 /* Debug */ = {
			isa = XCBuildConfiguration;
			baseConfigurationReference = 5DF6B1ED20A54CA49B527FE1 /* Pods-HelloFreshTest.debug.xcconfig */;
			buildSettings = {
				ASSETCATALOG_COMPILER_APPICON_NAME = AppIcon;
				ASSETCATALOG_COMPILER_LAUNCHIMAGE_NAME = LaunchImage;
				DEVELOPMENT_TEAM = 9RVZM5B68T;
				INFOPLIST_FILE = HelloFreshTest/Info.plist;
				LD_RUNPATH_SEARCH_PATHS = "$(inherited) @executable_path/Frameworks";
				PRODUCT_BUNDLE_IDENTIFIER = com.felipe.HelloFreshTest;
				PRODUCT_NAME = "$(TARGET_NAME)";
				SWIFT_VERSION = 3.0;
			};
			name = Debug;
		};
		A55AFDF61E850BCE00CE8F12 /* Release */ = {
			isa = XCBuildConfiguration;
			baseConfigurationReference = EDB8D0774DB7EB2704F123C6 /* Pods-HelloFreshTest.release.xcconfig */;
			buildSettings = {
				ASSETCATALOG_COMPILER_APPICON_NAME = AppIcon;
				ASSETCATALOG_COMPILER_LAUNCHIMAGE_NAME = LaunchImage;
				DEVELOPMENT_TEAM = 9RVZM5B68T;
				INFOPLIST_FILE = HelloFreshTest/Info.plist;
				LD_RUNPATH_SEARCH_PATHS = "$(inherited) @executable_path/Frameworks";
				PRODUCT_BUNDLE_IDENTIFIER = com.felipe.HelloFreshTest;
				PRODUCT_NAME = "$(TARGET_NAME)";
				SWIFT_VERSION = 3.0;
			};
			name = Release;
		};
		A55AFDF81E850BCE00CE8F12 /* Debug */ = {
			isa = XCBuildConfiguration;
			baseConfigurationReference = 229423654E6BC556D74C9DE5 /* Pods-HelloFreshTestTests.debug.xcconfig */;
			buildSettings = {
				ALWAYS_EMBED_SWIFT_STANDARD_LIBRARIES = YES;
				BUNDLE_LOADER = "$(TEST_HOST)";
				DEVELOPMENT_TEAM = 9RVZM5B68T;
				INFOPLIST_FILE = HelloFreshTestTests/Info.plist;
				LD_RUNPATH_SEARCH_PATHS = "$(inherited) @executable_path/Frameworks @loader_path/Frameworks";
				PRODUCT_BUNDLE_IDENTIFIER = com.felipe.HelloFreshTestTests;
				PRODUCT_NAME = "$(TARGET_NAME)";
				SWIFT_VERSION = 3.0;
				TEST_HOST = "$(BUILT_PRODUCTS_DIR)/HelloFreshTest.app/HelloFreshTest";
			};
			name = Debug;
		};
		A55AFDF91E850BCE00CE8F12 /* Release */ = {
			isa = XCBuildConfiguration;
			baseConfigurationReference = 995DF31AC43705D3AE525930 /* Pods-HelloFreshTestTests.release.xcconfig */;
			buildSettings = {
				ALWAYS_EMBED_SWIFT_STANDARD_LIBRARIES = YES;
				BUNDLE_LOADER = "$(TEST_HOST)";
				DEVELOPMENT_TEAM = 9RVZM5B68T;
				INFOPLIST_FILE = HelloFreshTestTests/Info.plist;
				LD_RUNPATH_SEARCH_PATHS = "$(inherited) @executable_path/Frameworks @loader_path/Frameworks";
				PRODUCT_BUNDLE_IDENTIFIER = com.felipe.HelloFreshTestTests;
				PRODUCT_NAME = "$(TARGET_NAME)";
				SWIFT_VERSION = 3.0;
				TEST_HOST = "$(BUILT_PRODUCTS_DIR)/HelloFreshTest.app/HelloFreshTest";
			};
			name = Release;
		};
/* End XCBuildConfiguration section */

/* Begin XCConfigurationList section */
		A55AFDD21E850BCD00CE8F12 /* Build configuration list for PBXProject "HelloFreshTest" */ = {
			isa = XCConfigurationList;
			buildConfigurations = (
				A55AFDF21E850BCE00CE8F12 /* Debug */,
				A55AFDF31E850BCE00CE8F12 /* Release */,
			);
			defaultConfigurationIsVisible = 0;
			defaultConfigurationName = Release;
		};
		A55AFDF41E850BCE00CE8F12 /* Build configuration list for PBXNativeTarget "HelloFreshTest" */ = {
			isa = XCConfigurationList;
			buildConfigurations = (
				A55AFDF51E850BCE00CE8F12 /* Debug */,
				A55AFDF61E850BCE00CE8F12 /* Release */,
			);
			defaultConfigurationIsVisible = 0;
			defaultConfigurationName = Release;
		};
		A55AFDF71E850BCE00CE8F12 /* Build configuration list for PBXNativeTarget "HelloFreshTestTests" */ = {
			isa = XCConfigurationList;
			buildConfigurations = (
				A55AFDF81E850BCE00CE8F12 /* Debug */,
				A55AFDF91E850BCE00CE8F12 /* Release */,
			);
			defaultConfigurationIsVisible = 0;
			defaultConfigurationName = Release;
		};
/* End XCConfigurationList section */
	};
	rootObject = A55AFDCF1E850BCD00CE8F12 /* Project object */;
}
